PODS:
  - AFNetworking (4.0.1):
    - AFNetworking/NSURLSession (= 4.0.1)
    - AFNetworking/Reachability (= 4.0.1)
    - AFNetworking/Security (= 4.0.1)
    - AFNetworking/Serialization (= 4.0.1)
    - AFNetworking/UIKit (= 4.0.1)
  - AFNetworking/NSURLSession (4.0.1):
    - AFNetworking/Reachability
    - AFNetworking/Security
    - AFNetworking/Serialization
  - AFNetworking/Reachability (4.0.1)
  - AFNetworking/Security (4.0.1)
  - AFNetworking/Serialization (4.0.1)
  - AFNetworking/UIKit (4.0.1):
    - AFNetworking/NSURLSession
  - DOUAudioStreamer (0.2.16)
  - GVUserDefaults (1.0.2)
  - Mantle (2.2.0):
    - Mantle/extobjc (= 2.2.0)
  - Mantle/extobjc (2.2.0)
  - MBProgressHUD (1.2.0)
  - SDWebImage (5.14.3):
    - SDWebImage/Core (= 5.14.3)
  - SDWebImage/Core (5.14.3)

DEPENDENCIES:
  - AFNetworking (= 4.0.1)
  - DOUAudioStreamer (= 0.2.16)
  - GVUserDefaults (= 1.0.2)
  - Mantle (= 2.2.0)
  - MBProgressHUD (= 1.2.0)
  - SDWebImage (= 5.14.3)

SPEC REPOS:
  https://github.com/CocoaPods/Specs.git:
    - AFNetworking
    - DOUAudioStreamer
    - GVUserDefaults
    - Mantle
    - MBProgressHUD
    - SDWebImage

SPEC CHECKSUMS:
  AFNetworking: 7864c38297c79aaca1500c33288e429c3451fdce
  DOUAudioStreamer: c503ba2ecb9a54ff7bda0eff66963ad224f3c7dc
  GVUserDefaults: 52d48cf8ba578b40a1a76312b196dfc9134ba36a
  Mantle: c5aa8794a29a022dfbbfc9799af95f477a69b62d
  MBProgressHUD: 3ee5efcc380f6a79a7cc9b363dd669c5e1ae7406
  SDWebImage: 9c36e66c8ce4620b41a7407698dda44211a96764

PODFILE CHECKSUM: b4c39c4b416701aaf899ee000a1a35bf8742866e

COCOAPODS: 1.11.3
